
Microsoft Visual Studio Solution File, Format Version 12.00
# Visual Studio Version 16
VisualStudioVersion = 16.0.29911.84
MinimumVisualStudioVersion = 10.0.40219.1
Project("{FAE04EC0-301F-11D3-BF4B-00C04F79EFBC}") = "Angular 10 example", "Angular 10 example\Angular 10 example.csproj", "{24964230-0AE3-476E-817B-4FA889050D97}"
EndProject
Global
	GlobalSection(SolutionConfigurationPlatforms) = preSolution
		Debug|Any CPU = Debug|Any CPU
		Release|Any CPU = Release|Any CPU
	EndGlobalSection
	GlobalSection(ProjectConfigurationPlatforms) = postSolution
		{24964230-0AE3-476E-817B-4FA889050D97}.Debug|Any CPU.ActiveCfg = Debug|Any CPU
		{24964230-0AE3-476E-817B-4FA889050D97}.Debug|Any CPU.Build.0 = Debug|Any CPU
		{24964230-0AE3-476E-817B-4FA889050D97}.Release|Any CPU.ActiveCfg = Release|Any CPU
		{24964230-0AE3-476E-817B-4FA889050D97}.Release|Any CPU.Build.0 = Release|Any CPU
	EndGlobalSection
	GlobalSection(SolutionProperties) = preSolution
		HideSolutionNode = FALSE
	EndGlobalSection
	GlobalSection(ExtensibilityGlobals) = postSolution
		SolutionGuid = {F491E982-DEB5-4EA8-8187-19E864D73D54}
	EndGlobalSection
EndGlobal
